<?xml version="1.0" encoding="utf-8"?>
<Project ToolsVersion="4.0" xmlns="http://schemas.microsoft.com/developer/msbuild/2003">
  <ItemGroup>
    <ClCompile Include="main.cpp" />
    <ClCompile Include="PhysicsObject.cpp" />
    <ClCompile Include="Game.cpp" />
    <ClCompile Include="MyContactList.cpp" />
  </ItemGroup>
  <ItemGroup>
    <Filter Include="Headers">
      <UniqueIdentifier>{e2f9b9c8-eead-461d-818e-3839e84e7419}</UniqueIdentifier>
    </Filter>
  </ItemGroup>
  <ItemGroup>
    <ClInclude Include="PhysicsObject.h" />
    <ClInclude Include="PhysicsLibrary.h" />
    <ClInclude Include="Game.h" />
    <ClInclude Include="MyContactList.h" />
  </ItemGroup>
</Project>